
Microsoft Visual Studio Solution File, Format Version 12.00
# Visual Studio Version 17
VisualStudioVersion = 17.14.36310.24
MinimumVisualStudioVersion = 10.0.40219.1
Project("{FAE04EC0-301F-11D3-BF4B-00C04F79EFBC}") = "VotacionApp", "VotacionApp.csproj", "{D9BC798D-045B-4AB8-85EE-E232E8CC1A6C}"
EndProject
Project("{FAE04EC0-301F-11D3-BF4B-00C04F79EFBC}") = "VotacionApp.Data", "..\VotacionApp.Data\VotacionApp.Data.csproj", "{AA7F75D2-5628-47ED-89F3-F0DBBECC9E84}"
EndProject
Project("{FAE04EC0-301F-11D3-BF4B-00C04F79EFBC}") = "VotacionApp.Business", "..\VotacionApp.Business\VotacionApp.Business.csproj", "{30AFA8C8-E09E-4AB3-A43F-7604ABE1323B}"
EndProject
Project("{FAE04EC0-301F-11D3-BF4B-00C04F79EFBC}") = "VotacionApp.Api", "..\VotacionApp.Api\VotacionApp.Api.csproj", "{BEB07635-C8A4-41E9-BFFB-4D42D07B457F}"
EndProject
Project("{FAE04EC0-301F-11D3-BF4B-00C04F79EFBC}") = "VotacionApp.WebMVC", "..\Crear VotacionApp.WebMVC\VotacionApp.WebMVC.csproj", "{D098DB4E-79F4-4400-908D-C924B753BBC7}"
EndProject
Global
	GlobalSection(SolutionConfigurationPlatforms) = preSolution
		Debug|Any CPU = Debug|Any CPU
		Release|Any CPU = Release|Any CPU
	EndGlobalSection
	GlobalSection(ProjectConfigurationPlatforms) = postSolution
		{D9BC798D-045B-4AB8-85EE-E232E8CC1A6C}.Debug|Any CPU.ActiveCfg = Debug|Any CPU
		{D9BC798D-045B-4AB8-85EE-E232E8CC1A6C}.Debug|Any CPU.Build.0 = Debug|Any CPU
		{D9BC798D-045B-4AB8-85EE-E232E8CC1A6C}.Release|Any CPU.ActiveCfg = Release|Any CPU
		{D9BC798D-045B-4AB8-85EE-E232E8CC1A6C}.Release|Any CPU.Build.0 = Release|Any CPU
		{AA7F75D2-5628-47ED-89F3-F0DBBECC9E84}.Debug|Any CPU.ActiveCfg = Debug|Any CPU
		{AA7F75D2-5628-47ED-89F3-F0DBBECC9E84}.Debug|Any CPU.Build.0 = Debug|Any CPU
		{AA7F75D2-5628-47ED-89F3-F0DBBECC9E84}.Release|Any CPU.ActiveCfg = Release|Any CPU
		{AA7F75D2-5628-47ED-89F3-F0DBBECC9E84}.Release|Any CPU.Build.0 = Release|Any CPU
		{30AFA8C8-E09E-4AB3-A43F-7604ABE1323B}.Debug|Any CPU.ActiveCfg = Debug|Any CPU
		{30AFA8C8-E09E-4AB3-A43F-7604ABE1323B}.Debug|Any CPU.Build.0 = Debug|Any CPU
		{30AFA8C8-E09E-4AB3-A43F-7604ABE1323B}.Release|Any CPU.ActiveCfg = Release|Any CPU
		{30AFA8C8-E09E-4AB3-A43F-7604ABE1323B}.Release|Any CPU.Build.0 = Release|Any CPU
		{BEB07635-C8A4-41E9-BFFB-4D42D07B457F}.Debug|Any CPU.ActiveCfg = Debug|Any CPU
		{BEB07635-C8A4-41E9-BFFB-4D42D07B457F}.Debug|Any CPU.Build.0 = Debug|Any CPU
		{BEB07635-C8A4-41E9-BFFB-4D42D07B457F}.Release|Any CPU.ActiveCfg = Release|Any CPU
		{BEB07635-C8A4-41E9-BFFB-4D42D07B457F}.Release|Any CPU.Build.0 = Release|Any CPU
		{D098DB4E-79F4-4400-908D-C924B753BBC7}.Debug|Any CPU.ActiveCfg = Debug|Any CPU
		{D098DB4E-79F4-4400-908D-C924B753BBC7}.Debug|Any CPU.Build.0 = Debug|Any CPU
		{D098DB4E-79F4-4400-908D-C924B753BBC7}.Release|Any CPU.ActiveCfg = Release|Any CPU
		{D098DB4E-79F4-4400-908D-C924B753BBC7}.Release|Any CPU.Build.0 = Release|Any CPU
	EndGlobalSection
	GlobalSection(SolutionProperties) = preSolution
		HideSolutionNode = FALSE
	EndGlobalSection
	GlobalSection(ExtensibilityGlobals) = postSolution
		SolutionGuid = {0C23D6E9-52C0-4730-93DF-C862A2AEE625}
	EndGlobalSection
EndGlobal
