
Microsoft Visual Studio Solution File, Format Version 12.00
# Visual Studio Version 17
VisualStudioVersion = 17.14.36301.6 d17.14
MinimumVisualStudioVersion = 10.0.40219.1
Project("{FAE04EC0-301F-11D3-BF4B-00C04F79EFBC}") = "PascalCase", "PascalCase.csproj", "{60A25D19-4B66-42F5-8508-A24119B2A1F3}"
EndProject
Global
	GlobalSection(SolutionConfigurationPlatforms) = preSolution
		Debug|Any CPU = Debug|Any CPU
		Release|Any CPU = Release|Any CPU
	EndGlobalSection
	GlobalSection(ProjectConfigurationPlatforms) = postSolution
		{60A25D19-4B66-42F5-8508-A24119B2A1F3}.Debug|Any CPU.ActiveCfg = Debug|Any CPU
		{60A25D19-4B66-42F5-8508-A24119B2A1F3}.Debug|Any CPU.Build.0 = Debug|Any CPU
		{60A25D19-4B66-42F5-8508-A24119B2A1F3}.Release|Any CPU.ActiveCfg = Release|Any CPU
		{60A25D19-4B66-42F5-8508-A24119B2A1F3}.Release|Any CPU.Build.0 = Release|Any CPU
	EndGlobalSection
	GlobalSection(SolutionProperties) = preSolution
		HideSolutionNode = FALSE
	EndGlobalSection
	GlobalSection(ExtensibilityGlobals) = postSolution
		SolutionGuid = {EF77483B-B43B-4BAE-98C8-EAA471F95BEA}
	EndGlobalSection
EndGlobal
